{
  "name": "nodejs-array-different",
  "lockfileVersion": 2,
  "requires": true,
  "packages": {
    "": {
      "dependencies": {
        "optimized-quicksort": "^1.1.1"
      }
    },
    "node_modules/optimized-quicksort": {
      "version": "1.1.1",
      "resolved": "https://registry.npmjs.org/optimized-quicksort/-/optimized-quicksort-1.1.1.tgz",
      "integrity": "sha512-e//2sfoy8i/OGL86apW9br9xvaregFCJr0DZM/4TCVN11AL9K6TZMIPejEFW1/hJ8S8CkuyEr0Y6xm3deSIaWA=="
    }
  },
  "dependencies": {
    "optimized-quicksort": {
      "version": "1.1.1",
      "resolved": "https://registry.npmjs.org/optimized-quicksort/-/optimized-quicksort-1.1.1.tgz",
      "integrity": "sha512-e//2sfoy8i/OGL86apW9br9xvaregFCJr0DZM/4TCVN11AL9K6TZMIPejEFW1/hJ8S8CkuyEr0Y6xm3deSIaWA=="
    }
  }
}
